PODS:
  - EVReflection (5.10.1):
    - EVReflection/Core (= 5.10.1)
  - EVReflection/Core (5.10.1)

DEPENDENCIES:
  - EVReflection

SPEC REPOS:
  https://github.com/cocoapods/specs.git:
    - EVReflection

SPEC CHECKSUMS:
  EVReflection: 8124de482178d34ccd56473e16cd95990f9a1113

PODFILE CHECKSUM: 9de429e3581a9f3e50b6b031d7c7c9bdf96c3332

COCOAPODS: 1.5.3
