// !$*UTF8*$!
{
	archiveVersion = 1;
	classes = {
	};
	objectVersion = 50;
	objects = {

/* Begin PBXBuildFile section */
		382693BF12038B830EDB5DC8 /* Pods_Product_Discovery.framework in Frameworks */ = {isa = PBXBuildFile; fileRef = 6D96B3B845C68A044DBE0008 /* Pods_Product_Discovery.framework */; };
		8A256AFF22F5C1A100112A9D /* ProductDetailViewController.swift in Sources */ = {isa = PBXBuildFile; fileRef = 8A256AFD22F5C1A100112A9D /* ProductDetailViewController.swift */; };
		8A256B0022F5C1A100112A9D /* ProductDetailViewController.xib in Resources */ = {isa = PBXBuildFile; fileRef = 8A256AFE22F5C1A100112A9D /* ProductDetailViewController.xib */; };
		8A256B0222F5D27000112A9D /* ProductDetailFacade.swift in Sources */ = {isa = PBXBuildFile; fileRef = 8A256B0122F5D27000112A9D /* ProductDetailFacade.swift */; };
		8A29B7B822F5749800F0D3FF /* CustomFomater.swift in Sources */ = {isa = PBXBuildFile; fileRef = 8A29B7B722F5749800F0D3FF /* CustomFomater.swift */; };
		8A29B7BA22F5751600F0D3FF /* NumberExtension.swift in Sources */ = {isa = PBXBuildFile; fileRef = 8A29B7B922F5751600F0D3FF /* NumberExtension.swift */; };
		8AA452FF22F536F70084FB47 /* AppDelegate.swift in Sources */ = {isa = PBXBuildFile; fileRef = 8AA452FE22F536F70084FB47 /* AppDelegate.swift */; };
		8AA4530622F536F80084FB47 /* Assets.xcassets in Resources */ = {isa = PBXBuildFile; fileRef = 8AA4530522F536F80084FB47 /* Assets.xcassets */; };
		8AA4530922F536F80084FB47 /* LaunchScreen.storyboard in Resources */ = {isa = PBXBuildFile; fileRef = 8AA4530722F536F80084FB47 /* LaunchScreen.storyboard */; };
		8AA4531822F537E50084FB47 /* ProductsViewController.swift in Sources */ = {isa = PBXBuildFile; fileRef = 8AA4531622F537E50084FB47 /* ProductsViewController.swift */; };
		8AA4531922F537E50084FB47 /* ProductsViewController.xib in Resources */ = {isa = PBXBuildFile; fileRef = 8AA4531722F537E50084FB47 /* ProductsViewController.xib */; };
		8AA4531C22F537FF0084FB47 /* ProductCell.swift in Sources */ = {isa = PBXBuildFile; fileRef = 8AA4531A22F537FF0084FB47 /* ProductCell.swift */; };
		8AA4531D22F537FF0084FB47 /* ProductCell.xib in Resources */ = {isa = PBXBuildFile; fileRef = 8AA4531B22F537FF0084FB47 /* ProductCell.xib */; };
		8AA4531F22F539D40084FB47 /* AppUtils.swift in Sources */ = {isa = PBXBuildFile; fileRef = 8AA4531E22F539D40084FB47 /* AppUtils.swift */; };
		8AA4532122F539EE0084FB47 /* Constants.swift in Sources */ = {isa = PBXBuildFile; fileRef = 8AA4532022F539EE0084FB47 /* Constants.swift */; };
		8AA4532422F53A0F0084FB47 /* CustomGradientView.swift in Sources */ = {isa = PBXBuildFile; fileRef = 8AA4532322F53A0F0084FB47 /* CustomGradientView.swift */; };
		8AA4532722F53A540084FB47 /* OptionalExtension.swift in Sources */ = {isa = PBXBuildFile; fileRef = 8AA4532622F53A540084FB47 /* OptionalExtension.swift */; };
		8AA4532922F53A6D0084FB47 /* UIViewExtension.swift in Sources */ = {isa = PBXBuildFile; fileRef = 8AA4532822F53A6D0084FB47 /* UIViewExtension.swift */; };
		8AA4532B22F53E220084FB47 /* ProductsDTO.swift in Sources */ = {isa = PBXBuildFile; fileRef = 8AA4532A22F53E220084FB47 /* ProductsDTO.swift */; };
		8AA4532D22F5434F0084FB47 /* ProductListFacade.swift in Sources */ = {isa = PBXBuildFile; fileRef = 8AA4532C22F5434F0084FB47 /* ProductListFacade.swift */; };
/* End PBXBuildFile section */

/* Begin PBXFileReference section */
		19220BABB234987E29BB4366 /* Pods-Product_Discovery.debug.xcconfig */ = {isa = PBXFileReference; includeInIndex = 1; lastKnownFileType = text.xcconfig; name = "Pods-Product_Discovery.debug.xcconfig"; path = "Pods/Target Support Files/Pods-Product_Discovery/Pods-Product_Discovery.debug.xcconfig"; sourceTree = "<group>"; };
		6D96B3B845C68A044DBE0008 /* Pods_Product_Discovery.framework */ = {isa = PBXFileReference; explicitFileType = wrapper.framework; includeInIndex = 0; path = Pods_Product_Discovery.framework; sourceTree = BUILT_PRODUCTS_DIR; };
		8A256AFD22F5C1A100112A9D /* ProductDetailViewController.swift */ = {isa = PBXFileReference; lastKnownFileType = sourcecode.swift; path = ProductDetailViewController.swift; sourceTree = "<group>"; };
		8A256AFE22F5C1A100112A9D /* ProductDetailViewController.xib */ = {isa = PBXFileReference; lastKnownFileType = file.xib; path = ProductDetailViewController.xib; sourceTree = "<group>"; };
		8A256B0122F5D27000112A9D /* ProductDetailFacade.swift */ = {isa = PBXFileReference; lastKnownFileType = sourcecode.swift; path = ProductDetailFacade.swift; sourceTree = "<group>"; };
		8A29B7B722F5749800F0D3FF /* CustomFomater.swift */ = {isa = PBXFileReference; lastKnownFileType = sourcecode.swift; path = CustomFomater.swift; sourceTree = "<group>"; };
		8A29B7B922F5751600F0D3FF /* NumberExtension.swift */ = {isa = PBXFileReference; lastKnownFileType = sourcecode.swift; path = NumberExtension.swift; sourceTree = "<group>"; };
		8AA452FB22F536F70084FB47 /* Product_Discovery.app */ = {isa = PBXFileReference; explicitFileType = wrapper.application; includeInIndex = 0; path = Product_Discovery.app; sourceTree = BUILT_PRODUCTS_DIR; };
		8AA452FE22F536F70084FB47 /* AppDelegate.swift */ = {isa = PBXFileReference; lastKnownFileType = sourcecode.swift; path = AppDelegate.swift; sourceTree = "<group>"; };
		8AA4530522F536F80084FB47 /* Assets.xcassets */ = {isa = PBXFileReference; lastKnownFileType = folder.assetcatalog; path = Assets.xcassets; sourceTree = "<group>"; };
		8AA4530822F536F80084FB47 /* Base */ = {isa = PBXFileReference; lastKnownFileType = file.storyboard; name = Base; path = Base.lproj/LaunchScreen.storyboard; sourceTree = "<group>"; };
		8AA4530A22F536F80084FB47 /* Info.plist */ = {isa = PBXFileReference; lastKnownFileType = text.plist.xml; path = Info.plist; sourceTree = "<group>"; };
		8AA4531622F537E50084FB47 /* ProductsViewController.swift */ = {isa = PBXFileReference; lastKnownFileType = sourcecode.swift; path = ProductsViewController.swift; sourceTree = "<group>"; };
		8AA4531722F537E50084FB47 /* ProductsViewController.xib */ = {isa = PBXFileReference; lastKnownFileType = file.xib; path = ProductsViewController.xib; sourceTree = "<group>"; };
		8AA4531A22F537FF0084FB47 /* ProductCell.swift */ = {isa = PBXFileReference; lastKnownFileType = sourcecode.swift; path = ProductCell.swift; sourceTree = "<group>"; };
		8AA4531B22F537FF0084FB47 /* ProductCell.xib */ = {isa = PBXFileReference; lastKnownFileType = file.xib; path = ProductCell.xib; sourceTree = "<group>"; };
		8AA4531E22F539D40084FB47 /* AppUtils.swift */ = {isa = PBXFileReference; lastKnownFileType = sourcecode.swift; path = AppUtils.swift; sourceTree = "<group>"; };
		8AA4532022F539EE0084FB47 /* Constants.swift */ = {isa = PBXFileReference; lastKnownFileType = sourcecode.swift; path = Constants.swift; sourceTree = "<group>"; };
		8AA4532322F53A0F0084FB47 /* CustomGradientView.swift */ = {isa = PBXFileReference; lastKnownFileType = sourcecode.swift; path = CustomGradientView.swift; sourceTree = "<group>"; };
		8AA4532622F53A540084FB47 /* OptionalExtension.swift */ = {isa = PBXFileReference; lastKnownFileType = sourcecode.swift; path = OptionalExtension.swift; sourceTree = "<group>"; };
		8AA4532822F53A6D0084FB47 /* UIViewExtension.swift */ = {isa = PBXFileReference; lastKnownFileType = sourcecode.swift; path = UIViewExtension.swift; sourceTree = "<group>"; };
		8AA4532A22F53E220084FB47 /* ProductsDTO.swift */ = {isa = PBXFileReference; lastKnownFileType = sourcecode.swift; path = ProductsDTO.swift; sourceTree = "<group>"; };
		8AA4532C22F5434F0084FB47 /* ProductListFacade.swift */ = {isa = PBXFileReference; lastKnownFileType = sourcecode.swift; path = ProductListFacade.swift; sourceTree = "<group>"; };
		FD25CBB780012B6E49C2BB48 /* Pods-Product_Discovery.release.xcconfig */ = {isa = PBXFileReference; includeInIndex = 1; lastKnownFileType = text.xcconfig; name = "Pods-Product_Discovery.release.xcconfig"; path = "Pods/Target Support Files/Pods-Product_Discovery/Pods-Product_Discovery.release.xcconfig"; sourceTree = "<group>"; };
/* End PBXFileReference section */

/* Begin PBXFrameworksBuildPhase section */
		8AA452F822F536F70084FB47 /* Frameworks */ = {
			isa = PBXFrameworksBuildPhase;
			buildActionMask = 2147483647;
			files = (
				382693BF12038B830EDB5DC8 /* Pods_Product_Discovery.framework in Frameworks */,
			);
			runOnlyForDeploymentPostprocessing = 0;
		};
/* End PBXFrameworksBuildPhase section */

/* Begin PBXGroup section */
		4CA7A7FB3C8BF461257D1171 /* Pods */ = {
			isa = PBXGroup;
			children = (
				19220BABB234987E29BB4366 /* Pods-Product_Discovery.debug.xcconfig */,
				FD25CBB780012B6E49C2BB48 /* Pods-Product_Discovery.release.xcconfig */,
			);
			name = Pods;
			sourceTree = "<group>";
		};
		8AA452F222F536F70084FB47 = {
			isa = PBXGroup;
			children = (
				8AA452FD22F536F70084FB47 /* Product_Discovery */,
				8AA452FC22F536F70084FB47 /* Products */,
				4CA7A7FB3C8BF461257D1171 /* Pods */,
				D5A29474CA4D8F7D08F7B68A /* Frameworks */,
			);
			sourceTree = "<group>";
		};
		8AA452FC22F536F70084FB47 /* Products */ = {
			isa = PBXGroup;
			children = (
				8AA452FB22F536F70084FB47 /* Product_Discovery.app */,
			);
			name = Products;
			sourceTree = "<group>";
		};
		8AA452FD22F536F70084FB47 /* Product_Discovery */ = {
			isa = PBXGroup;
			children = (
				8AA4532522F53A400084FB47 /* Extensions */,
				8AA4531322F537360084FB47 /* ProductListing */,
				8AA4531222F5372C0084FB47 /* ProductDetail */,
				8AA4531122F537260084FB47 /* Commons */,
				8AA4531022F537190084FB47 /* Assests */,
				8AA452FE22F536F70084FB47 /* AppDelegate.swift */,
				8AA4530722F536F80084FB47 /* LaunchScreen.storyboard */,
				8AA4530A22F536F80084FB47 /* Info.plist */,
			);
			path = Product_Discovery;
			sourceTree = "<group>";
		};
		8AA4531022F537190084FB47 /* Assests */ = {
			isa = PBXGroup;
			children = (
				8AA4530522F536F80084FB47 /* Assets.xcassets */,
			);
			path = Assests;
			sourceTree = "<group>";
		};
		8AA4531122F537260084FB47 /* Commons */ = {
			isa = PBXGroup;
			children = (
				8AA4531E22F539D40084FB47 /* AppUtils.swift */,
				8AA4532022F539EE0084FB47 /* Constants.swift */,
				8AA4532322F53A0F0084FB47 /* CustomGradientView.swift */,
				8A29B7B722F5749800F0D3FF /* CustomFomater.swift */,
			);
			path = Commons;
			sourceTree = "<group>";
		};
		8AA4531222F5372C0084FB47 /* ProductDetail */ = {
			isa = PBXGroup;
			children = (
				8A256AFD22F5C1A100112A9D /* ProductDetailViewController.swift */,
				8A256AFE22F5C1A100112A9D /* ProductDetailViewController.xib */,
				8A256B0122F5D27000112A9D /* ProductDetailFacade.swift */,
			);
			path = ProductDetail;
			sourceTree = "<group>";
		};
		8AA4531322F537360084FB47 /* ProductListing */ = {
			isa = PBXGroup;
			children = (
				8AA4531522F537C80084FB47 /* Models */,
				8AA4531422F537BE0084FB47 /* Cells */,
				8AA4531622F537E50084FB47 /* ProductsViewController.swift */,
				8AA4531722F537E50084FB47 /* ProductsViewController.xib */,
				8AA4532C22F5434F0084FB47 /* ProductListFacade.swift */,
			);
			path = ProductListing;
			sourceTree = "<group>";
		};
		8AA4531422F537BE0084FB47 /* Cells */ = {
			isa = PBXGroup;
			children = (
				8AA4531A22F537FF0084FB47 /* ProductCell.swift */,
				8AA4531B22F537FF0084FB47 /* ProductCell.xib */,
			);
			path = Cells;
			sourceTree = "<group>";
		};
		8AA4531522F537C80084FB47 /* Models */ = {
			isa = PBXGroup;
			children = (
				8AA4532A22F53E220084FB47 /* ProductsDTO.swift */,
			);
			path = Models;
			sourceTree = "<group>";
		};
		8AA4532522F53A400084FB47 /* Extensions */ = {
			isa = PBXGroup;
			children = (
				8AA4532622F53A540084FB47 /* OptionalExtension.swift */,
				8AA4532822F53A6D0084FB47 /* UIViewExtension.swift */,
				8A29B7B922F5751600F0D3FF /* NumberExtension.swift */,
			);
			path = Extensions;
			sourceTree = "<group>";
		};
		D5A29474CA4D8F7D08F7B68A /* Frameworks */ = {
			isa = PBXGroup;
			children = (
				6D96B3B845C68A044DBE0008 /* Pods_Product_Discovery.framework */,
			);
			name = Frameworks;
			sourceTree = "<group>";
		};
/* End PBXGroup section */

/* Begin PBXNativeTarget section */
		8AA452FA22F536F70084FB47 /* Product_Discovery */ = {
			isa = PBXNativeTarget;
			buildConfigurationList = 8AA4530D22F536F80084FB47 /* Build configuration list for PBXNativeTarget "Product_Discovery" */;
			buildPhases = (
				549BB9E46B9A1724111E0F3F /* [CP] Check Pods Manifest.lock */,
				8AA452F722F536F70084FB47 /* Sources */,
				8AA452F822F536F70084FB47 /* Frameworks */,
				8AA452F922F536F70084FB47 /* Resources */,
				0E7E8C4F78D576E8A7B59627 /* [CP] Embed Pods Frameworks */,
			);
			buildRules = (
			);
			dependencies = (
			);
			name = Product_Discovery;
			productName = Product_Discovery;
			productReference = 8AA452FB22F536F70084FB47 /* Product_Discovery.app */;
			productType = "com.apple.product-type.application";
		};
/* End PBXNativeTarget section */

/* Begin PBXProject section */
		8AA452F322F536F70084FB47 /* Project object */ = {
			isa = PBXProject;
			attributes = {
				LastSwiftUpdateCheck = 1020;
				LastUpgradeCheck = 1020;
				ORGANIZATIONNAME = TrungNguyen;
				TargetAttributes = {
					8AA452FA22F536F70084FB47 = {
						CreatedOnToolsVersion = 10.2.1;
					};
				};
			};
			buildConfigurationList = 8AA452F622F536F70084FB47 /* Build configuration list for PBXProject "Product_Discovery" */;
			compatibilityVersion = "Xcode 9.3";
			developmentRegion = en;
			hasScannedForEncodings = 0;
			knownRegions = (
				en,
				Base,
			);
			mainGroup = 8AA452F222F536F70084FB47;
			productRefGroup = 8AA452FC22F536F70084FB47 /* Products */;
			projectDirPath = "";
			projectRoot = "";
			targets = (
				8AA452FA22F536F70084FB47 /* Product_Discovery */,
			);
		};
/* End PBXProject section */

/* Begin PBXResourcesBuildPhase section */
		8AA452F922F536F70084FB47 /* Resources */ = {
			isa = PBXResourcesBuildPhase;
			buildActionMask = 2147483647;
			files = (
				8AA4530922F536F80084FB47 /* LaunchScreen.storyboard in Resources */,
				8AA4531D22F537FF0084FB47 /* ProductCell.xib in Resources */,
				8AA4530622F536F80084FB47 /* Assets.xcassets in Resources */,
				8A256B0022F5C1A100112A9D /* ProductDetailViewController.xib in Resources */,
				8AA4531922F537E50084FB47 /* ProductsViewController.xib in Resources */,
			);
			runOnlyForDeploymentPostprocessing = 0;
		};
/* End PBXResourcesBuildPhase section */

/* Begin PBXShellScriptBuildPhase section */
		0E7E8C4F78D576E8A7B59627 /* [CP] Embed Pods Frameworks */ = {
			isa = PBXShellScriptBuildPhase;
			buildActionMask = 2147483647;
			files = (
			);
			inputFileListPaths = (
			);
			inputPaths = (
				"${SRCROOT}/Pods/Target Support Files/Pods-Product_Discovery/Pods-Product_Discovery-frameworks.sh",
				"${BUILT_PRODUCTS_DIR}/EVReflection/EVReflection.framework",
			);
			name = "[CP] Embed Pods Frameworks";
			outputFileListPaths = (
			);
			outputPaths = (
				"${TARGET_BUILD_DIR}/${FRAMEWORKS_FOLDER_PATH}/EVReflection.framework",
			);
			runOnlyForDeploymentPostprocessing = 0;
			shellPath = /bin/sh;
			shellScript = "\"${SRCROOT}/Pods/Target Support Files/Pods-Product_Discovery/Pods-Product_Discovery-frameworks.sh\"\n";
			showEnvVarsInLog = 0;
		};
		549BB9E46B9A1724111E0F3F /* [CP] Check Pods Manifest.lock */ = {
			isa = PBXShellScriptBuildPhase;
			buildActionMask = 2147483647;
			files = (
			);
			inputFileListPaths = (
			);
			inputPaths = (
				"${PODS_PODFILE_DIR_PATH}/Podfile.lock",
				"${PODS_ROOT}/Manifest.lock",
			);
			name = "[CP] Check Pods Manifest.lock";
			outputFileListPaths = (
			);
			outputPaths = (
				"$(DERIVED_FILE_DIR)/Pods-Product_Discovery-checkManifestLockResult.txt",
			);
			runOnlyForDeploymentPostprocessing = 0;
			shellPath = /bin/sh;
			shellScript = "diff \"${PODS_PODFILE_DIR_PATH}/Podfile.lock\" \"${PODS_ROOT}/Manifest.lock\" > /dev/null\nif [ $? != 0 ] ; then\n    # print error to STDERR\n    echo \"error: The sandbox is not in sync with the Podfile.lock. Run 'pod install' or update your CocoaPods installation.\" >&2\n    exit 1\nfi\n# This output is used by Xcode 'outputs' to avoid re-running this script phase.\necho \"SUCCESS\" > \"${SCRIPT_OUTPUT_FILE_0}\"\n";
			showEnvVarsInLog = 0;
		};
/* End PBXShellScriptBuildPhase section */

/* Begin PBXSourcesBuildPhase section */
		8AA452F722F536F70084FB47 /* Sources */ = {
			isa = PBXSourcesBuildPhase;
			buildActionMask = 2147483647;
			files = (
				8AA4532122F539EE0084FB47 /* Constants.swift in Sources */,
				8AA4532722F53A540084FB47 /* OptionalExtension.swift in Sources */,
				8A29B7BA22F5751600F0D3FF /* NumberExtension.swift in Sources */,
				8AA4531C22F537FF0084FB47 /* ProductCell.swift in Sources */,
				8A256B0222F5D27000112A9D /* ProductDetailFacade.swift in Sources */,
				8A256AFF22F5C1A100112A9D /* ProductDetailViewController.swift in Sources */,
				8AA4531822F537E50084FB47 /* ProductsViewController.swift in Sources */,
				8AA452FF22F536F70084FB47 /* AppDelegate.swift in Sources */,
				8AA4532B22F53E220084FB47 /* ProductsDTO.swift in Sources */,
				8AA4531F22F539D40084FB47 /* AppUtils.swift in Sources */,
				8AA4532922F53A6D0084FB47 /* UIViewExtension.swift in Sources */,
				8AA4532422F53A0F0084FB47 /* CustomGradientView.swift in Sources */,
				8AA4532D22F5434F0084FB47 /* ProductListFacade.swift in Sources */,
				8A29B7B822F5749800F0D3FF /* CustomFomater.swift in Sources */,
			);
			runOnlyForDeploymentPostprocessing = 0;
		};
/* End PBXSourcesBuildPhase section */

/* Begin PBXVariantGroup section */
		8AA4530722F536F80084FB47 /* LaunchScreen.storyboard */ = {
			isa = PBXVariantGroup;
			children = (
				8AA4530822F536F80084FB47 /* Base */,
			);
			name = LaunchScreen.storyboard;
			sourceTree = "<group>";
		};
/* End PBXVariantGroup section */

/* Begin XCBuildConfiguration section */
		8AA4530B22F536F80084FB47 /* Debug */ = {
			isa = XCBuildConfiguration;
			buildSettings = {
				ALWAYS_SEARCH_USER_PATHS = NO;
				CLANG_ANALYZER_NONNULL = YES;
				CLANG_ANALYZER_NUMBER_OBJECT_CONVERSION = YES_AGGRESSIVE;
				CLANG_CXX_LANGUAGE_STANDARD = "gnu++14";
				CLANG_CXX_LIBRARY = "libc++";
				CLANG_ENABLE_MODULES = YES;
				CLANG_ENABLE_OBJC_ARC = YES;
				CLANG_ENABLE_OBJC_WEAK = YES;
				CLANG_WARN_BLOCK_CAPTURE_AUTORELEASING = YES;
				CLANG_WARN_BOOL_CONVERSION = YES;
				CLANG_WARN_COMMA = YES;
				CLANG_WARN_CONSTANT_CONVERSION = YES;
				CLANG_WARN_DEPRECATED_OBJC_IMPLEMENTATIONS = YES;
				CLANG_WARN_DIRECT_OBJC_ISA_USAGE = YES_ERROR;
				CLANG_WARN_DOCUMENTATION_COMMENTS = YES;
				CLANG_WARN_EMPTY_BODY = YES;
				CLANG_WARN_ENUM_CONVERSION = YES;
				CLANG_WARN_INFINITE_RECURSION = YES;
				CLANG_WARN_INT_CONVERSION = YES;
				CLANG_WARN_NON_LITERAL_NULL_CONVERSION = YES;
				CLANG_WARN_OBJC_IMPLICIT_RETAIN_SELF = YES;
				CLANG_WARN_OBJC_LITERAL_CONVERSION = YES;
				CLANG_WARN_OBJC_ROOT_CLASS = YES_ERROR;
				CLANG_WARN_RANGE_LOOP_ANALYSIS = YES;
				CLANG_WARN_STRICT_PROTOTYPES = YES;
				CLANG_WARN_SUSPICIOUS_MOVE = YES;
				CLANG_WARN_UNGUARDED_AVAILABILITY = YES_AGGRESSIVE;
				CLANG_WARN_UNREACHABLE_CODE = YES;
				CLANG_WARN__DUPLICATE_METHOD_MATCH = YES;
				CODE_SIGN_IDENTITY = "iPhone Developer";
				COPY_PHASE_STRIP = NO;
				DEBUG_INFORMATION_FORMAT = dwarf;
				ENABLE_STRICT_OBJC_MSGSEND = YES;
				ENABLE_TESTABILITY = YES;
				GCC_C_LANGUAGE_STANDARD = gnu11;
				GCC_DYNAMIC_NO_PIC = NO;
				GCC_NO_COMMON_BLOCKS = YES;
				GCC_OPTIMIZATION_LEVEL = 0;
				GCC_PREPROCESSOR_DEFINITIONS = (
					"DEBUG=1",
					"$(inherited)",
				);
				GCC_WARN_64_TO_32_BIT_CONVERSION = YES;
				GCC_WARN_ABOUT_RETURN_TYPE = YES_ERROR;
				GCC_WARN_UNDECLARED_SELECTOR = YES;
				GCC_WARN_UNINITIALIZED_AUTOS = YES_AGGRESSIVE;
				GCC_WARN_UNUSED_FUNCTION = YES;
				GCC_WARN_UNUSED_VARIABLE = YES;
				IPHONEOS_DEPLOYMENT_TARGET = 12.2;
				MTL_ENABLE_DEBUG_INFO = INCLUDE_SOURCE;
				MTL_FAST_MATH = YES;
				ONLY_ACTIVE_ARCH = YES;
				SDKROOT = iphoneos;
				SWIFT_ACTIVE_COMPILATION_CONDITIONS = DEBUG;
				SWIFT_OPTIMIZATION_LEVEL = "-Onone";
			};
			name = Debug;
		};
		8AA4530C22F536F80084FB47 /* Release */ = {
			isa = XCBuildConfiguration;
			buildSettings = {
				ALWAYS_SEARCH_USER_PATHS = NO;
				CLANG_ANALYZER_NONNULL = YES;
				CLANG_ANALYZER_NUMBER_OBJECT_CONVERSION = YES_AGGRESSIVE;
				CLANG_CXX_LANGUAGE_STANDARD = "gnu++14";
				CLANG_CXX_LIBRARY = "libc++";
				CLANG_ENABLE_MODULES = YES;
				CLANG_ENABLE_OBJC_ARC = YES;
				CLANG_ENABLE_OBJC_WEAK = YES;
				CLANG_WARN_BLOCK_CAPTURE_AUTORELEASING = YES;
				CLANG_WARN_BOOL_CONVERSION = YES;
				CLANG_WARN_COMMA = YES;
				CLANG_WARN_CONSTANT_CONVERSION = YES;
				CLANG_WARN_DEPRECATED_OBJC_IMPLEMENTATIONS = YES;
				CLANG_WARN_DIRECT_OBJC_ISA_USAGE = YES_ERROR;
				CLANG_WARN_DOCUMENTATION_COMMENTS = YES;
				CLANG_WARN_EMPTY_BODY = YES;
				CLANG_WARN_ENUM_CONVERSION = YES;
				CLANG_WARN_INFINITE_RECURSION = YES;
				CLANG_WARN_INT_CONVERSION = YES;
				CLANG_WARN_NON_LITERAL_NULL_CONVERSION = YES;
				CLANG_WARN_OBJC_IMPLICIT_RETAIN_SELF = YES;
				CLANG_WARN_OBJC_LITERAL_CONVERSION = YES;
				CLANG_WARN_OBJC_ROOT_CLASS = YES_ERROR;
				CLANG_WARN_RANGE_LOOP_ANALYSIS = YES;
				CLANG_WARN_STRICT_PROTOTYPES = YES;
				CLANG_WARN_SUSPICIOUS_MOVE = YES;
				CLANG_WARN_UNGUARDED_AVAILABILITY = YES_AGGRESSIVE;
				CLANG_WARN_UNREACHABLE_CODE = YES;
				CLANG_WARN__DUPLICATE_METHOD_MATCH = YES;
				CODE_SIGN_IDENTITY = "iPhone Developer";
				COPY_PHASE_STRIP = NO;
				DEBUG_INFORMATION_FORMAT = "dwarf-with-dsym";
				ENABLE_NS_ASSERTIONS = NO;
				ENABLE_STRICT_OBJC_MSGSEND = YES;
				GCC_C_LANGUAGE_STANDARD = gnu11;
				GCC_NO_COMMON_BLOCKS = YES;
				GCC_WARN_64_TO_32_BIT_CONVERSION = YES;
				GCC_WARN_ABOUT_RETURN_TYPE = YES_ERROR;
				GCC_WARN_UNDECLARED_SELECTOR = YES;
				GCC_WARN_UNINITIALIZED_AUTOS = YES_AGGRESSIVE;
				GCC_WARN_UNUSED_FUNCTION = YES;
				GCC_WARN_UNUSED_VARIABLE = YES;
				IPHONEOS_DEPLOYMENT_TARGET = 12.2;
				MTL_ENABLE_DEBUG_INFO = NO;
				MTL_FAST_MATH = YES;
				SDKROOT = iphoneos;
				SWIFT_COMPILATION_MODE = wholemodule;
				SWIFT_OPTIMIZATION_LEVEL = "-O";
				VALIDATE_PRODUCT = YES;
			};
			name = Release;
		};
		8AA4530E22F536F80084FB47 /* Debug */ = {
			isa = XCBuildConfiguration;
			baseConfigurationReference = 19220BABB234987E29BB4366 /* Pods-Product_Discovery.debug.xcconfig */;
			buildSettings = {
				ASSETCATALOG_COMPILER_APPICON_NAME = AppIcon;
				CODE_SIGN_STYLE = Automatic;
				DEVELOPMENT_TEAM = 6FB2CK39NM;
				INFOPLIST_FILE = Product_Discovery/Info.plist;
				LD_RUNPATH_SEARCH_PATHS = (
					"$(inherited)",
					"@executable_path/Frameworks",
				);
				PRODUCT_BUNDLE_IDENTIFIER = "com.trungnv.dev.ios.Product-Discovery";
				PRODUCT_NAME = "$(TARGET_NAME)";
				SWIFT_VERSION = 5.0;
				TARGETED_DEVICE_FAMILY = "1,2";
			};
			name = Debug;
		};
		8AA4530F22F536F80084FB47 /* Release */ = {
			isa = XCBuildConfiguration;
			baseConfigurationReference = FD25CBB780012B6E49C2BB48 /* Pods-Product_Discovery.release.xcconfig */;
			buildSettings = {
				ASSETCATALOG_COMPILER_APPICON_NAME = AppIcon;
				CODE_SIGN_STYLE = Automatic;
				DEVELOPMENT_TEAM = 6FB2CK39NM;
				INFOPLIST_FILE = Product_Discovery/Info.plist;
				LD_RUNPATH_SEARCH_PATHS = (
					"$(inherited)",
					"@executable_path/Frameworks",
				);
				PRODUCT_BUNDLE_IDENTIFIER = "com.trungnv.dev.ios.Product-Discovery";
				PRODUCT_NAME = "$(TARGET_NAME)";
				SWIFT_VERSION = 5.0;
				TARGETED_DEVICE_FAMILY = "1,2";
			};
			name = Release;
		};
/* End XCBuildConfiguration section */

/* Begin XCConfigurationList section */
		8AA452F622F536F70084FB47 /* Build configuration list for PBXProject "Product_Discovery" */ = {
			isa = XCConfigurationList;
			buildConfigurations = (
				8AA4530B22F536F80084FB47 /* Debug */,
				8AA4530C22F536F80084FB47 /* Release */,
			);
			defaultConfigurationIsVisible = 0;
			defaultConfigurationName = Release;
		};
		8AA4530D22F536F80084FB47 /* Build configuration list for PBXNativeTarget "Product_Discovery" */ = {
			isa = XCConfigurationList;
			buildConfigurations = (
				8AA4530E22F536F80084FB47 /* Debug */,
				8AA4530F22F536F80084FB47 /* Release */,
			);
			defaultConfigurationIsVisible = 0;
			defaultConfigurationName = Release;
		};
/* End XCConfigurationList section */
	};
	rootObject = 8AA452F322F536F70084FB47 /* Project object */;
}
